
Microsoft Visual Studio Solution File, Format Version 12.00
# Visual Studio Version 17
VisualStudioVersion = 17.0.31903.59
MinimumVisualStudioVersion = 10.0.40219.1
Project("{2150E333-8FDC-42A3-9474-1A3956D46DE8}") = "src", "src", "{827E0CD3-B72D-47B6-A68D-7590B98EB39B}"
EndProject
Project("{FAE04EC0-301F-11D3-BF4B-00C04F79EFBC}") = "Evo.Api", "src\Evo.Api\Evo.Api.csproj", "{8EC3701E-F7A5-49D7-A7C6-DCDFB361386C}"
EndProject
Project("{FAE04EC0-301F-11D3-BF4B-00C04F79EFBC}") = "Evo.Infrastructure", "src\Evo.Infrastructure\Evo.Infrastructure.csproj", "{B970AC55-7151-4A35-97F1-59A9E0BC96CB}"
EndProject
Project("{FAE04EC0-301F-11D3-BF4B-00C04F79EFBC}") = "Evo.Domain", "src\Evo.Domain\Evo.Domain.csproj", "{4FE5CD06-B72C-44F7-92FB-32EE469D922B}"
EndProject
Project("{2150E333-8FDC-42A3-9474-1A3956D46DE8}") = "tests", "tests", "{0AB3BF05-4346-4AA6-1389-037BE0695223}"
EndProject
Project("{FAE04EC0-301F-11D3-BF4B-00C04F79EFBC}") = "Evo.Tests", "tests\Evo.Tests\Evo.Tests.csproj", "{E3E7B6E1-65BF-4737-A2CD-DA257C9AB837}"
EndProject
Global
	GlobalSection(SolutionConfigurationPlatforms) = preSolution
		Debug|Any CPU = Debug|Any CPU
		Debug|x64 = Debug|x64
		Debug|x86 = Debug|x86
		Release|Any CPU = Release|Any CPU
		Release|x64 = Release|x64
		Release|x86 = Release|x86
	EndGlobalSection
	GlobalSection(ProjectConfigurationPlatforms) = postSolution
		{8EC3701E-F7A5-49D7-A7C6-DCDFB361386C}.Debug|Any CPU.ActiveCfg = Debug|Any CPU
		{8EC3701E-F7A5-49D7-A7C6-DCDFB361386C}.Debug|Any CPU.Build.0 = Debug|Any CPU
		{8EC3701E-F7A5-49D7-A7C6-DCDFB361386C}.Debug|x64.ActiveCfg = Debug|Any CPU
		{8EC3701E-F7A5-49D7-A7C6-DCDFB361386C}.Debug|x64.Build.0 = Debug|Any CPU
		{8EC3701E-F7A5-49D7-A7C6-DCDFB361386C}.Debug|x86.ActiveCfg = Debug|Any CPU
		{8EC3701E-F7A5-49D7-A7C6-DCDFB361386C}.Debug|x86.Build.0 = Debug|Any CPU
		{8EC3701E-F7A5-49D7-A7C6-DCDFB361386C}.Release|Any CPU.ActiveCfg = Release|Any CPU
		{8EC3701E-F7A5-49D7-A7C6-DCDFB361386C}.Release|Any CPU.Build.0 = Release|Any CPU
		{8EC3701E-F7A5-49D7-A7C6-DCDFB361386C}.Release|x64.ActiveCfg = Release|Any CPU
		{8EC3701E-F7A5-49D7-A7C6-DCDFB361386C}.Release|x64.Build.0 = Release|Any CPU
		{8EC3701E-F7A5-49D7-A7C6-DCDFB361386C}.Release|x86.ActiveCfg = Release|Any CPU
		{8EC3701E-F7A5-49D7-A7C6-DCDFB361386C}.Release|x86.Build.0 = Release|Any CPU
		{B970AC55-7151-4A35-97F1-59A9E0BC96CB}.Debug|Any CPU.ActiveCfg = Debug|Any CPU
		{B970AC55-7151-4A35-97F1-59A9E0BC96CB}.Debug|Any CPU.Build.0 = Debug|Any CPU
		{B970AC55-7151-4A35-97F1-59A9E0BC96CB}.Debug|x64.ActiveCfg = Debug|Any CPU
		{B970AC55-7151-4A35-97F1-59A9E0BC96CB}.Debug|x64.Build.0 = Debug|Any CPU
		{B970AC55-7151-4A35-97F1-59A9E0BC96CB}.Debug|x86.ActiveCfg = Debug|Any CPU
		{B970AC55-7151-4A35-97F1-59A9E0BC96CB}.Debug|x86.Build.0 = Debug|Any CPU
		{B970AC55-7151-4A35-97F1-59A9E0BC96CB}.Release|Any CPU.ActiveCfg = Release|Any CPU
		{B970AC55-7151-4A35-97F1-59A9E0BC96CB}.Release|Any CPU.Build.0 = Release|Any CPU
		{B970AC55-7151-4A35-97F1-59A9E0BC96CB}.Release|x64.ActiveCfg = Release|Any CPU
		{B970AC55-7151-4A35-97F1-59A9E0BC96CB}.Release|x64.Build.0 = Release|Any CPU
		{B970AC55-7151-4A35-97F1-59A9E0BC96CB}.Release|x86.ActiveCfg = Release|Any CPU
		{B970AC55-7151-4A35-97F1-59A9E0BC96CB}.Release|x86.Build.0 = Release|Any CPU
		{4FE5CD06-B72C-44F7-92FB-32EE469D922B}.Debug|Any CPU.ActiveCfg = Debug|Any CPU
		{4FE5CD06-B72C-44F7-92FB-32EE469D922B}.Debug|Any CPU.Build.0 = Debug|Any CPU
		{4FE5CD06-B72C-44F7-92FB-32EE469D922B}.Debug|x64.ActiveCfg = Debug|Any CPU
		{4FE5CD06-B72C-44F7-92FB-32EE469D922B}.Debug|x64.Build.0 = Debug|Any CPU
		{4FE5CD06-B72C-44F7-92FB-32EE469D922B}.Debug|x86.ActiveCfg = Debug|Any CPU
		{4FE5CD06-B72C-44F7-92FB-32EE469D922B}.Debug|x86.Build.0 = Debug|Any CPU
		{4FE5CD06-B72C-44F7-92FB-32EE469D922B}.Release|Any CPU.ActiveCfg = Release|Any CPU
		{4FE5CD06-B72C-44F7-92FB-32EE469D922B}.Release|Any CPU.Build.0 = Release|Any CPU
		{4FE5CD06-B72C-44F7-92FB-32EE469D922B}.Release|x64.ActiveCfg = Release|Any CPU
		{4FE5CD06-B72C-44F7-92FB-32EE469D922B}.Release|x64.Build.0 = Release|Any CPU
		{4FE5CD06-B72C-44F7-92FB-32EE469D922B}.Release|x86.ActiveCfg = Release|Any CPU
		{4FE5CD06-B72C-44F7-92FB-32EE469D922B}.Release|x86.Build.0 = Release|Any CPU
		{E3E7B6E1-65BF-4737-A2CD-DA257C9AB837}.Debug|Any CPU.ActiveCfg = Debug|Any CPU
		{E3E7B6E1-65BF-4737-A2CD-DA257C9AB837}.Debug|Any CPU.Build.0 = Debug|Any CPU
		{E3E7B6E1-65BF-4737-A2CD-DA257C9AB837}.Debug|x64.ActiveCfg = Debug|Any CPU
		{E3E7B6E1-65BF-4737-A2CD-DA257C9AB837}.Debug|x64.Build.0 = Debug|Any CPU
		{E3E7B6E1-65BF-4737-A2CD-DA257C9AB837}.Debug|x86.ActiveCfg = Debug|Any CPU
		{E3E7B6E1-65BF-4737-A2CD-DA257C9AB837}.Debug|x86.Build.0 = Debug|Any CPU
		{E3E7B6E1-65BF-4737-A2CD-DA257C9AB837}.Release|Any CPU.ActiveCfg = Release|Any CPU
		{E3E7B6E1-65BF-4737-A2CD-DA257C9AB837}.Release|Any CPU.Build.0 = Release|Any CPU
		{E3E7B6E1-65BF-4737-A2CD-DA257C9AB837}.Release|x64.ActiveCfg = Release|Any CPU
		{E3E7B6E1-65BF-4737-A2CD-DA257C9AB837}.Release|x64.Build.0 = Release|Any CPU
		{E3E7B6E1-65BF-4737-A2CD-DA257C9AB837}.Release|x86.ActiveCfg = Release|Any CPU
		{E3E7B6E1-65BF-4737-A2CD-DA257C9AB837}.Release|x86.Build.0 = Release|Any CPU
	EndGlobalSection
	GlobalSection(SolutionProperties) = preSolution
		HideSolutionNode = FALSE
	EndGlobalSection
	GlobalSection(NestedProjects) = preSolution
		{8EC3701E-F7A5-49D7-A7C6-DCDFB361386C} = {827E0CD3-B72D-47B6-A68D-7590B98EB39B}
		{B970AC55-7151-4A35-97F1-59A9E0BC96CB} = {827E0CD3-B72D-47B6-A68D-7590B98EB39B}
		{4FE5CD06-B72C-44F7-92FB-32EE469D922B} = {827E0CD3-B72D-47B6-A68D-7590B98EB39B}
		{E3E7B6E1-65BF-4737-A2CD-DA257C9AB837} = {0AB3BF05-4346-4AA6-1389-037BE0695223}
	EndGlobalSection
EndGlobal
